{
    "dependencies": [
        {
            "name": "meta/animation",
            "version": "0.6.0"
        },
        {
            "name": "meta/audio",
            "version": "0.6.0"
        },
        {
            "name": "meta/avatar",
            "version": "0.6.0"
        },
        {
            "name": "meta/avatar_ugc",
            "version": "0.6.0"
        },
        {
            "name": "meta/camera_mode_manager",
            "version": "0.6.0"
        },
        {
            "name": "meta/core_ui",
            "version": "0.6.0"
        },
        {
            "name": "meta/custom_ui",
            "version": "0.6.0"
        },
        {
            "name": "meta/editor_kit_primitives",
            "version": "1.6.0"
        },
        {
            "name": "meta/editor_kit_shaders",
            "version": "0.6.0"
        },
        {
            "name": "meta/editor_kit_starting_world",
            "version": "1.6.0"
        },
        {
            "name": "meta/editor_kit_vfx",
            "version": "0.4.0"
        },
        {
            "name": "meta/editor_starter_kit",
            "version": "1.5.0"
        },
        {
            "name": "meta/focused_interaction",
            "version": "0.6.0"
        },
        {
            "name": "meta/gameplay",
            "version": "0.6.0"
        },
        {
            "name": "meta/haptics",
            "version": "0.4.0"
        },
        {
            "name": "meta/i18n",
            "version": "0.6.0"
        },
        {
            "name": "meta/monetization_v2",
            "version": "0.6.0"
        },
        {
            "name": "meta/persistence",
            "version": "0.6.0"
        },
        {
            "name": "meta/physics",
            "version": "0.6.0"
        },
        {
            "name": "meta/platform_api",
            "version": "0.6.0"
        },
        {
            "name": "meta/player",
            "version": "0.6.0"
        },
        {
            "name": "meta/player_grabbing",
            "version": "0.6.0"
        },
        {
            "name": "meta/player_input",
            "version": "0.6.0"
        },
        {
            "name": "meta/renderer",
            "version": "0.6.0"
        },
        {
            "name": "meta/renderer_module",
            "version": "0.7.0"
        },
        {
            "name": "meta/scripting_jsi",
            "version": "0.4.0"
        },
        {
            "name": "meta/shaderkit",
            "version": "0.5.0"
        },
        {
            "name": "meta/ui_service",
            "version": "0.4.0"
        },
        {
            "name": "meta/ui_service_v2",
            "version": "0.4.0"
        },
        {
            "name": "meta/vfx",
            "version": "0.6.0"
        },
        {
            "name": "meta/vfx_popcornfx_module",
            "version": "0.7.0"
        },
        {
            "name": "meta/worlds_sdk",
            "version": "0.6.0"
        }
    ]
}